
Microsoft Visual Studio Solution File, Format Version 12.00
# Visual Studio 15
VisualStudioVersion = 15.0.28307.421
MinimumVisualStudioVersion = 10.0.40219.1
Project("{F2A71F9B-5D33-465A-A702-920D77279786}") = "WixSharpPlayground", "WixSharpPlayground\WixSharpPlayground.fsproj", "{B0A43373-0A7D-4C81-B91F-F2BFA200A6D1}"
EndProject
Project("{FAE04EC0-301F-11D3-BF4B-00C04F79EFBC}") = "SomeTool", "SomeTool\SomeTool.csproj", "{325E9C5E-6BC2-4BE6-A48C-08146AB8239F}"
EndProject
Project("{FAE04EC0-301F-11D3-BF4B-00C04F79EFBC}") = "SomeOtherTool", "SomeOtherTool\SomeOtherTool.csproj", "{94BE546E-6420-4F23-9ED6-331DA606462F}"
EndProject
Project("{FAE04EC0-301F-11D3-BF4B-00C04F79EFBC}") = "Installer", "Installer\Installer.csproj", "{C9A243E5-6443-4A00-ACAC-C20A61286264}"
	ProjectSection(ProjectDependencies) = postProject
		{325E9C5E-6BC2-4BE6-A48C-08146AB8239F} = {325E9C5E-6BC2-4BE6-A48C-08146AB8239F}
		{94BE546E-6420-4F23-9ED6-331DA606462F} = {94BE546E-6420-4F23-9ED6-331DA606462F}
		{B0A43373-0A7D-4C81-B91F-F2BFA200A6D1} = {B0A43373-0A7D-4C81-B91F-F2BFA200A6D1}
	EndProjectSection
EndProject
Project("{FAE04EC0-301F-11D3-BF4B-00C04F79EFBC}") = "CommonLib", "CommonLib\CommonLib.csproj", "{F73A8D19-70A5-4EBB-90B8-DFBDBA45B95A}"
EndProject
Global
	GlobalSection(SolutionConfigurationPlatforms) = preSolution
		Debug|Any CPU = Debug|Any CPU
		Release|Any CPU = Release|Any CPU
	EndGlobalSection
	GlobalSection(ProjectConfigurationPlatforms) = postSolution
		{B0A43373-0A7D-4C81-B91F-F2BFA200A6D1}.Debug|Any CPU.ActiveCfg = Debug|Any CPU
		{B0A43373-0A7D-4C81-B91F-F2BFA200A6D1}.Debug|Any CPU.Build.0 = Debug|Any CPU
		{B0A43373-0A7D-4C81-B91F-F2BFA200A6D1}.Release|Any CPU.ActiveCfg = Release|Any CPU
		{B0A43373-0A7D-4C81-B91F-F2BFA200A6D1}.Release|Any CPU.Build.0 = Release|Any CPU
		{325E9C5E-6BC2-4BE6-A48C-08146AB8239F}.Debug|Any CPU.ActiveCfg = Debug|Any CPU
		{325E9C5E-6BC2-4BE6-A48C-08146AB8239F}.Debug|Any CPU.Build.0 = Debug|Any CPU
		{325E9C5E-6BC2-4BE6-A48C-08146AB8239F}.Release|Any CPU.ActiveCfg = Release|Any CPU
		{325E9C5E-6BC2-4BE6-A48C-08146AB8239F}.Release|Any CPU.Build.0 = Release|Any CPU
		{94BE546E-6420-4F23-9ED6-331DA606462F}.Debug|Any CPU.ActiveCfg = Debug|Any CPU
		{94BE546E-6420-4F23-9ED6-331DA606462F}.Debug|Any CPU.Build.0 = Debug|Any CPU
		{94BE546E-6420-4F23-9ED6-331DA606462F}.Release|Any CPU.ActiveCfg = Release|Any CPU
		{94BE546E-6420-4F23-9ED6-331DA606462F}.Release|Any CPU.Build.0 = Release|Any CPU
		{C9A243E5-6443-4A00-ACAC-C20A61286264}.Debug|Any CPU.ActiveCfg = Debug|Any CPU
		{C9A243E5-6443-4A00-ACAC-C20A61286264}.Debug|Any CPU.Build.0 = Debug|Any CPU
		{C9A243E5-6443-4A00-ACAC-C20A61286264}.Release|Any CPU.ActiveCfg = Release|Any CPU
		{C9A243E5-6443-4A00-ACAC-C20A61286264}.Release|Any CPU.Build.0 = Release|Any CPU
		{F73A8D19-70A5-4EBB-90B8-DFBDBA45B95A}.Debug|Any CPU.ActiveCfg = Debug|Any CPU
		{F73A8D19-70A5-4EBB-90B8-DFBDBA45B95A}.Debug|Any CPU.Build.0 = Debug|Any CPU
		{F73A8D19-70A5-4EBB-90B8-DFBDBA45B95A}.Release|Any CPU.ActiveCfg = Release|Any CPU
		{F73A8D19-70A5-4EBB-90B8-DFBDBA45B95A}.Release|Any CPU.Build.0 = Release|Any CPU
	EndGlobalSection
	GlobalSection(SolutionProperties) = preSolution
		HideSolutionNode = FALSE
	EndGlobalSection
	GlobalSection(ExtensibilityGlobals) = postSolution
		SolutionGuid = {79FB9D47-95B7-45EC-88BC-1C6053A9D7DE}
	EndGlobalSection
EndGlobal
